{
	"name": "coding-practice",
	"version": "0.0.1",
	"lockfileVersion": 3,
	"requires": true,
	"packages": {
		"": {
			"name": "coding-practice",
			"version": "0.0.1",
			"dependencies": {
				"@codemirror/lang-java": "^6.0.2",
				"@codemirror/theme-one-dark": "^6.1.3",
				"@google/genai": "^1.29.1",
				"bits-ui": "^2.14.1",
				"install": "^0.13.0",
				"marked": "^16.4.1",
				"phosphor-svelte": "^3.0.1",
				"svelte-codemirror-editor": "^2.1.0",
				"svelte-confetti": "^2.0.0",
				"svelte-splitpanes": "^8.0.9",
				"thememirror": "^2.0.1",
				"vaul-svelte": "^0.3.2"
			},
			"devDependencies": {
				"@sveltejs/adapter-auto": "^6.1.0",
				"@sveltejs/adapter-static": "^3.0.10",
				"@sveltejs/kit": "^2.43.2",
				"@sveltejs/vite-plugin-svelte": "^6.2.0",
				"@tailwindcss/typography": "^0.5.18",
				"@tailwindcss/vite": "^4.1.13",
				"prettier": "^3.6.2",
				"prettier-plugin-svelte": "^3.4.0",
				"svelte": "^5.39.5",
				"svelte-check": "^4.3.2",
				"tailwindcss": "^4.1.13",
				"typescript": "^5.9.2",
				"vite": "^7.1.7"
			}
		},
		"node_modules/@codemirror/autocomplete": {
			"version": "6.19.1",
			"license": "MIT",
			"dependencies": {
				"@codemirror/language": "^6.0.0",
				"@codemirror/state": "^6.0.0",
				"@codemirror/view": "^6.17.0",
				"@lezer/common": "^1.0.0"
			}
		},
		"node_modules/@codemirror/commands": {
			"version": "6.10.0",
			"license": "MIT",
			"dependencies": {
				"@codemirror/language": "^6.0.0",
				"@codemirror/state": "^6.4.0",
				"@codemirror/view": "^6.27.0",
				"@lezer/common": "^1.1.0"
			}
		},
		"node_modules/@codemirror/lang-java": {
			"version": "6.0.2",
			"license": "MIT",
			"dependencies": {
				"@codemirror/language": "^6.0.0",
				"@lezer/java": "^1.0.0"
			}
		},
		"node_modules/@codemirror/language": {
			"version": "6.11.3",
			"license": "MIT",
			"peer": true,
			"dependencies": {
				"@codemirror/state": "^6.0.0",
				"@codemirror/view": "^6.23.0",
				"@lezer/common": "^1.1.0",
				"@lezer/highlight": "^1.0.0",
				"@lezer/lr": "^1.0.0",
				"style-mod": "^4.0.0"
			}
		},
		"node_modules/@codemirror/lint": {
			"version": "6.9.2",
			"license": "MIT",
			"dependencies": {
				"@codemirror/state": "^6.0.0",
				"@codemirror/view": "^6.35.0",
				"crelt": "^1.0.5"
			}
		},
		"node_modules/@codemirror/search": {
			"version": "6.5.11",
			"license": "MIT",
			"dependencies": {
				"@codemirror/state": "^6.0.0",
				"@codemirror/view": "^6.0.0",
				"crelt": "^1.0.5"
			}
		},
		"node_modules/@codemirror/state": {
			"version": "6.5.2",
			"license": "MIT",
			"peer": true,
			"dependencies": {
				"@marijn/find-cluster-break": "^1.0.0"
			}
		},
		"node_modules/@codemirror/theme-one-dark": {
			"version": "6.1.3",
			"license": "MIT",
			"dependencies": {
				"@codemirror/language": "^6.0.0",
				"@codemirror/state": "^6.0.0",
				"@codemirror/view": "^6.0.0",
				"@lezer/highlight": "^1.0.0"
			}
		},
		"node_modules/@codemirror/view": {
			"version": "6.38.6",
			"license": "MIT",
			"peer": true,
			"dependencies": {
				"@codemirror/state": "^6.5.0",
				"crelt": "^1.0.6",
				"style-mod": "^4.1.0",
				"w3c-keyname": "^2.2.4"
			}
		},
		"node_modules/@esbuild/win32-x64": {
			"version": "0.25.12",
			"cpu": [
				"x64"
			],
			"dev": true,
			"license": "MIT",
			"optional": true,
			"os": [
				"win32"
			],
			"engines": {
				"node": ">=18"
			}
		},
		"node_modules/@floating-ui/core": {
			"version": "1.7.3",
			"license": "MIT",
			"dependencies": {
				"@floating-ui/utils": "^0.2.10"
			}
		},
		"node_modules/@floating-ui/dom": {
			"version": "1.7.4",
			"license": "MIT",
			"dependencies": {
				"@floating-ui/core": "^1.7.3",
				"@floating-ui/utils": "^0.2.10"
			}
		},
		"node_modules/@floating-ui/utils": {
			"version": "0.2.10",
			"license": "MIT"
		},
		"node_modules/@google/genai": {
			"version": "1.29.1",
			"license": "Apache-2.0",
			"dependencies": {
				"google-auth-library": "^10.3.0",
				"ws": "^8.18.0"
			},
			"engines": {
				"node": ">=20.0.0"
			},
			"peerDependencies": {
				"@modelcontextprotocol/sdk": "^1.20.1"
			},
			"peerDependenciesMeta": {
				"@modelcontextprotocol/sdk": {
					"optional": true
				}
			}
		},
		"node_modules/@internationalized/date": {
			"version": "3.10.0",
			"license": "Apache-2.0",
			"peer": true,
			"dependencies": {
				"@swc/helpers": "^0.5.0"
			}
		},
		"node_modules/@isaacs/cliui": {
			"version": "8.0.2",
			"license": "ISC",
			"dependencies": {
				"string-width": "^5.1.2",
				"string-width-cjs": "npm:string-width@^4.2.0",
				"strip-ansi": "^7.0.1",
				"strip-ansi-cjs": "npm:strip-ansi@^6.0.1",
				"wrap-ansi": "^8.1.0",
				"wrap-ansi-cjs": "npm:wrap-ansi@^7.0.0"
			},
			"engines": {
				"node": ">=12"
			}
		},
		"node_modules/@jridgewell/gen-mapping": {
			"version": "0.3.13",
			"license": "MIT",
			"dependencies": {
				"@jridgewell/sourcemap-codec": "^1.5.0",
				"@jridgewell/trace-mapping": "^0.3.24"
			}
		},
		"node_modules/@jridgewell/remapping": {
			"version": "2.3.5",
			"license": "MIT",
			"dependencies": {
				"@jridgewell/gen-mapping": "^0.3.5",
				"@jridgewell/trace-mapping": "^0.3.24"
			}
		},
		"node_modules/@jridgewell/resolve-uri": {
			"version": "3.1.2",
			"license": "MIT",
			"engines": {
				"node": ">=6.0.0"
			}
		},
		"node_modules/@jridgewell/sourcemap-codec": {
			"version": "1.5.5",
			"license": "MIT"
		},
		"node_modules/@jridgewell/trace-mapping": {
			"version": "0.3.31",
			"license": "MIT",
			"dependencies": {
				"@jridgewell/resolve-uri": "^3.1.0",
				"@jridgewell/sourcemap-codec": "^1.4.14"
			}
		},
		"node_modules/@lezer/common": {
			"version": "1.3.0",
			"license": "MIT"
		},
		"node_modules/@lezer/highlight": {
			"version": "1.2.3",
			"license": "MIT",
			"dependencies": {
				"@lezer/common": "^1.3.0"
			}
		},
		"node_modules/@lezer/java": {
			"version": "1.1.3",
			"license": "MIT",
			"dependencies": {
				"@lezer/common": "^1.2.0",
				"@lezer/highlight": "^1.0.0",
				"@lezer/lr": "^1.0.0"
			}
		},
		"node_modules/@lezer/lr": {
			"version": "1.4.3",
			"license": "MIT",
			"dependencies": {
				"@lezer/common": "^1.0.0"
			}
		},
		"node_modules/@marijn/find-cluster-break": {
			"version": "1.0.2",
			"license": "MIT"
		},
		"node_modules/@pkgjs/parseargs": {
			"version": "0.11.0",
			"license": "MIT",
			"optional": true,
			"engines": {
				"node": ">=14"
			}
		},
		"node_modules/@polka/url": {
			"version": "1.0.0-next.29",
			"devOptional": true,
			"license": "MIT"
		},
		"node_modules/@rollup/rollup-win32-x64-gnu": {
			"version": "4.52.5",
			"cpu": [
				"x64"
			],
			"dev": true,
			"license": "MIT",
			"optional": true,
			"os": [
				"win32"
			]
		},
		"node_modules/@rollup/rollup-win32-x64-msvc": {
			"version": "4.52.5",
			"cpu": [
				"x64"
			],
			"dev": true,
			"license": "MIT",
			"optional": true,
			"os": [
				"win32"
			]
		},
		"node_modules/@standard-schema/spec": {
			"version": "1.0.0",
			"devOptional": true,
			"license": "MIT"
		},
		"node_modules/@sveltejs/acorn-typescript": {
			"version": "1.0.6",
			"license": "MIT",
			"peerDependencies": {
				"acorn": "^8.9.0"
			}
		},
		"node_modules/@sveltejs/adapter-auto": {
			"version": "6.1.1",
			"dev": true,
			"license": "MIT",
			"peerDependencies": {
				"@sveltejs/kit": "^2.0.0"
			}
		},
		"node_modules/@sveltejs/adapter-static": {
			"version": "3.0.10",
			"dev": true,
			"license": "MIT",
			"peerDependencies": {
				"@sveltejs/kit": "^2.0.0"
			}
		},
		"node_modules/@sveltejs/kit": {
			"version": "2.48.4",
			"devOptional": true,
			"license": "MIT",
			"peer": true,
			"dependencies": {
				"@standard-schema/spec": "^1.0.0",
				"@sveltejs/acorn-typescript": "^1.0.5",
				"@types/cookie": "^0.6.0",
				"acorn": "^8.14.1",
				"cookie": "^0.6.0",
				"devalue": "^5.3.2",
				"esm-env": "^1.2.2",
				"kleur": "^4.1.5",
				"magic-string": "^0.30.5",
				"mrmime": "^2.0.0",
				"sade": "^1.8.1",
				"set-cookie-parser": "^2.6.0",
				"sirv": "^3.0.0"
			},
			"bin": {
				"svelte-kit": "svelte-kit.js"
			},
			"engines": {
				"node": ">=18.13"
			},
			"peerDependencies": {
				"@opentelemetry/api": "^1.0.0",
				"@sveltejs/vite-plugin-svelte": "^3.0.0 || ^4.0.0-next.1 || ^5.0.0 || ^6.0.0-next.0",
				"svelte": "^4.0.0 || ^5.0.0-next.0",
				"vite": "^5.0.3 || ^6.0.0 || ^7.0.0-beta.0"
			},
			"peerDependenciesMeta": {
				"@opentelemetry/api": {
					"optional": true
				}
			}
		},
		"node_modules/@sveltejs/vite-plugin-svelte": {
			"version": "6.2.1",
			"devOptional": true,
			"license": "MIT",
			"peer": true,
			"dependencies": {
				"@sveltejs/vite-plugin-svelte-inspector": "^5.0.0",
				"debug": "^4.4.1",
				"deepmerge": "^4.3.1",
				"magic-string": "^0.30.17",
				"vitefu": "^1.1.1"
			},
			"engines": {
				"node": "^20.19 || ^22.12 || >=24"
			},
			"peerDependencies": {
				"svelte": "^5.0.0",
				"vite": "^6.3.0 || ^7.0.0"
			}
		},
		"node_modules/@sveltejs/vite-plugin-svelte-inspector": {
			"version": "5.0.1",
			"devOptional": true,
			"license": "MIT",
			"dependencies": {
				"debug": "^4.4.1"
			},
			"engines": {
				"node": "^20.19 || ^22.12 || >=24"
			},
			"peerDependencies": {
				"@sveltejs/vite-plugin-svelte": "^6.0.0-next.0",
				"svelte": "^5.0.0",
				"vite": "^6.3.0 || ^7.0.0"
			}
		},
		"node_modules/@swc/helpers": {
			"version": "0.5.17",
			"license": "Apache-2.0",
			"dependencies": {
				"tslib": "^2.8.0"
			}
		},
		"node_modules/@tailwindcss/node": {
			"version": "4.1.17",
			"dev": true,
			"license": "MIT",
			"dependencies": {
				"@jridgewell/remapping": "^2.3.4",
				"enhanced-resolve": "^5.18.3",
				"jiti": "^2.6.1",
				"lightningcss": "1.30.2",
				"magic-string": "^0.30.21",
				"source-map-js": "^1.2.1",
				"tailwindcss": "4.1.17"
			}
		},
		"node_modules/@tailwindcss/oxide": {
			"version": "4.1.17",
			"dev": true,
			"license": "MIT",
			"engines": {
				"node": ">= 10"
			},
			"optionalDependencies": {
				"@tailwindcss/oxide-android-arm64": "4.1.17",
				"@tailwindcss/oxide-darwin-arm64": "4.1.17",
				"@tailwindcss/oxide-darwin-x64": "4.1.17",
				"@tailwindcss/oxide-freebsd-x64": "4.1.17",
				"@tailwindcss/oxide-linux-arm-gnueabihf": "4.1.17",
				"@tailwindcss/oxide-linux-arm64-gnu": "4.1.17",
				"@tailwindcss/oxide-linux-arm64-musl": "4.1.17",
				"@tailwindcss/oxide-linux-x64-gnu": "4.1.17",
				"@tailwindcss/oxide-linux-x64-musl": "4.1.17",
				"@tailwindcss/oxide-wasm32-wasi": "4.1.17",
				"@tailwindcss/oxide-win32-arm64-msvc": "4.1.17",
				"@tailwindcss/oxide-win32-x64-msvc": "4.1.17"
			}
		},
		"node_modules/@tailwindcss/oxide-win32-x64-msvc": {
			"version": "4.1.17",
			"cpu": [
				"x64"
			],
			"dev": true,
			"license": "MIT",
			"optional": true,
			"os": [
				"win32"
			],
			"engines": {
				"node": ">= 10"
			}
		},
		"node_modules/@tailwindcss/typography": {
			"version": "0.5.19",
			"dev": true,
			"license": "MIT",
			"dependencies": {
				"postcss-selector-parser": "6.0.10"
			},
			"peerDependencies": {
				"tailwindcss": ">=3.0.0 || insiders || >=4.0.0-alpha.20 || >=4.0.0-beta.1"
			}
		},
		"node_modules/@tailwindcss/vite": {
			"version": "4.1.17",
			"dev": true,
			"license": "MIT",
			"dependencies": {
				"@tailwindcss/node": "4.1.17",
				"@tailwindcss/oxide": "4.1.17",
				"tailwindcss": "4.1.17"
			},
			"peerDependencies": {
				"vite": "^5.2.0 || ^6 || ^7"
			}
		},
		"node_modules/@types/cookie": {
			"version": "0.6.0",
			"devOptional": true,
			"license": "MIT"
		},
		"node_modules/@types/estree": {
			"version": "1.0.8",
			"license": "MIT"
		},
		"node_modules/acorn": {
			"version": "8.15.0",
			"license": "MIT",
			"peer": true,
			"bin": {
				"acorn": "bin/acorn"
			},
			"engines": {
				"node": ">=0.4.0"
			}
		},
		"node_modules/agent-base": {
			"version": "7.1.4",
			"license": "MIT",
			"engines": {
				"node": ">= 14"
			}
		},
		"node_modules/ansi-regex": {
			"version": "6.2.2",
			"license": "MIT",
			"engines": {
				"node": ">=12"
			},
			"funding": {
				"url": "https://github.com/chalk/ansi-regex?sponsor=1"
			}
		},
		"node_modules/ansi-styles": {
			"version": "6.2.3",
			"license": "MIT",
			"engines": {
				"node": ">=12"
			},
			"funding": {
				"url": "https://github.com/chalk/ansi-styles?sponsor=1"
			}
		},
		"node_modules/aria-query": {
			"version": "5.3.2",
			"license": "Apache-2.0",
			"engines": {
				"node": ">= 0.4"
			}
		},
		"node_modules/axobject-query": {
			"version": "4.1.0",
			"license": "Apache-2.0",
			"engines": {
				"node": ">= 0.4"
			}
		},
		"node_modules/balanced-match": {
			"version": "1.0.2",
			"license": "MIT"
		},
		"node_modules/base64-js": {
			"version": "1.5.1",
			"funding": [
				{
					"type": "github",
					"url": "https://github.com/sponsors/feross"
				},
				{
					"type": "patreon",
					"url": "https://www.patreon.com/feross"
				},
				{
					"type": "consulting",
					"url": "https://feross.org/support"
				}
			],
			"license": "MIT"
		},
		"node_modules/bignumber.js": {
			"version": "9.3.1",
			"license": "MIT",
			"engines": {
				"node": "*"
			}
		},
		"node_modules/bits-ui": {
			"version": "2.14.2",
			"license": "MIT",
			"dependencies": {
				"@floating-ui/core": "^1.7.1",
				"@floating-ui/dom": "^1.7.1",
				"esm-env": "^1.1.2",
				"runed": "^0.35.1",
				"svelte-toolbelt": "^0.10.6",
				"tabbable": "^6.2.0"
			},
			"engines": {
				"node": ">=20"
			},
			"funding": {
				"url": "https://github.com/sponsors/huntabyte"
			},
			"peerDependencies": {
				"@internationalized/date": "^3.8.1",
				"svelte": "^5.33.0"
			}
		},
		"node_modules/brace-expansion": {
			"version": "2.0.2",
			"license": "MIT",
			"dependencies": {
				"balanced-match": "^1.0.0"
			}
		},
		"node_modules/buffer-equal-constant-time": {
			"version": "1.0.1",
			"license": "BSD-3-Clause"
		},
		"node_modules/chokidar": {
			"version": "4.0.3",
			"dev": true,
			"license": "MIT",
			"dependencies": {
				"readdirp": "^4.0.1"
			},
			"engines": {
				"node": ">= 14.16.0"
			},
			"funding": {
				"url": "https://paulmillr.com/funding/"
			}
		},
		"node_modules/clsx": {
			"version": "2.1.1",
			"license": "MIT",
			"engines": {
				"node": ">=6"
			}
		},
		"node_modules/codemirror": {
			"version": "6.0.2",
			"license": "MIT",
			"peer": true,
			"dependencies": {
				"@codemirror/autocomplete": "^6.0.0",
				"@codemirror/commands": "^6.0.0",
				"@codemirror/language": "^6.0.0",
				"@codemirror/lint": "^6.0.0",
				"@codemirror/search": "^6.0.0",
				"@codemirror/state": "^6.0.0",
				"@codemirror/view": "^6.0.0"
			}
		},
		"node_modules/color-convert": {
			"version": "2.0.1",
			"license": "MIT",
			"dependencies": {
				"color-name": "~1.1.4"
			},
			"engines": {
				"node": ">=7.0.0"
			}
		},
		"node_modules/color-name": {
			"version": "1.1.4",
			"license": "MIT"
		},
		"node_modules/cookie": {
			"version": "0.6.0",
			"devOptional": true,
			"license": "MIT",
			"engines": {
				"node": ">= 0.6"
			}
		},
		"node_modules/crelt": {
			"version": "1.0.6",
			"license": "MIT"
		},
		"node_modules/cross-spawn": {
			"version": "7.0.6",
			"license": "MIT",
			"dependencies": {
				"path-key": "^3.1.0",
				"shebang-command": "^2.0.0",
				"which": "^2.0.1"
			},
			"engines": {
				"node": ">= 8"
			}
		},
		"node_modules/cssesc": {
			"version": "3.0.0",
			"dev": true,
			"license": "MIT",
			"bin": {
				"cssesc": "bin/cssesc"
			},
			"engines": {
				"node": ">=4"
			}
		},
		"node_modules/data-uri-to-buffer": {
			"version": "4.0.1",
			"license": "MIT",
			"engines": {
				"node": ">= 12"
			}
		},
		"node_modules/debug": {
			"version": "4.4.3",
			"license": "MIT",
			"dependencies": {
				"ms": "^2.1.3"
			},
			"engines": {
				"node": ">=6.0"
			},
			"peerDependenciesMeta": {
				"supports-color": {
					"optional": true
				}
			}
		},
		"node_modules/deepmerge": {
			"version": "4.3.1",
			"devOptional": true,
			"license": "MIT",
			"engines": {
				"node": ">=0.10.0"
			}
		},
		"node_modules/dequal": {
			"version": "2.0.3",
			"license": "MIT",
			"engines": {
				"node": ">=6"
			}
		},
		"node_modules/detect-libc": {
			"version": "2.1.2",
			"dev": true,
			"license": "Apache-2.0",
			"engines": {
				"node": ">=8"
			}
		},
		"node_modules/devalue": {
			"version": "5.4.2",
			"devOptional": true,
			"license": "MIT"
		},
		"node_modules/eastasianwidth": {
			"version": "0.2.0",
			"license": "MIT"
		},
		"node_modules/ecdsa-sig-formatter": {
			"version": "1.0.11",
			"license": "Apache-2.0",
			"dependencies": {
				"safe-buffer": "^5.0.1"
			}
		},
		"node_modules/emoji-regex": {
			"version": "9.2.2",
			"license": "MIT"
		},
		"node_modules/enhanced-resolve": {
			"version": "5.18.3",
			"dev": true,
			"license": "MIT",
			"dependencies": {
				"graceful-fs": "^4.2.4",
				"tapable": "^2.2.0"
			},
			"engines": {
				"node": ">=10.13.0"
			}
		},
		"node_modules/esbuild": {
			"version": "0.25.12",
			"devOptional": true,
			"hasInstallScript": true,
			"license": "MIT",
			"bin": {
				"esbuild": "bin/esbuild"
			},
			"engines": {
				"node": ">=18"
			},
			"optionalDependencies": {
				"@esbuild/aix-ppc64": "0.25.12",
				"@esbuild/android-arm": "0.25.12",
				"@esbuild/android-arm64": "0.25.12",
				"@esbuild/android-x64": "0.25.12",
				"@esbuild/darwin-arm64": "0.25.12",
				"@esbuild/darwin-x64": "0.25.12",
				"@esbuild/freebsd-arm64": "0.25.12",
				"@esbuild/freebsd-x64": "0.25.12",
				"@esbuild/linux-arm": "0.25.12",
				"@esbuild/linux-arm64": "0.25.12",
				"@esbuild/linux-ia32": "0.25.12",
				"@esbuild/linux-loong64": "0.25.12",
				"@esbuild/linux-mips64el": "0.25.12",
				"@esbuild/linux-ppc64": "0.25.12",
				"@esbuild/linux-riscv64": "0.25.12",
				"@esbuild/linux-s390x": "0.25.12",
				"@esbuild/linux-x64": "0.25.12",
				"@esbuild/netbsd-arm64": "0.25.12",
				"@esbuild/netbsd-x64": "0.25.12",
				"@esbuild/openbsd-arm64": "0.25.12",
				"@esbuild/openbsd-x64": "0.25.12",
				"@esbuild/openharmony-arm64": "0.25.12",
				"@esbuild/sunos-x64": "0.25.12",
				"@esbuild/win32-arm64": "0.25.12",
				"@esbuild/win32-ia32": "0.25.12",
				"@esbuild/win32-x64": "0.25.12"
			}
		},
		"node_modules/esm-env": {
			"version": "1.2.2",
			"license": "MIT"
		},
		"node_modules/esm-env-robust": {
			"version": "0.0.3",
			"license": "MIT",
			"dependencies": {
				"esm-env": "^1.0.0"
			}
		},
		"node_modules/esrap": {
			"version": "2.1.2",
			"license": "MIT",
			"dependencies": {
				"@jridgewell/sourcemap-codec": "^1.4.15"
			}
		},
		"node_modules/estree-walker": {
			"version": "3.0.3",
			"license": "MIT",
			"dependencies": {
				"@types/estree": "^1.0.0"
			}
		},
		"node_modules/extend": {
			"version": "3.0.2",
			"license": "MIT"
		},
		"node_modules/fdir": {
			"version": "6.5.0",
			"devOptional": true,
			"license": "MIT",
			"engines": {
				"node": ">=12.0.0"
			},
			"peerDependencies": {
				"picomatch": "^3 || ^4"
			},
			"peerDependenciesMeta": {
				"picomatch": {
					"optional": true
				}
			}
		},
		"node_modules/fetch-blob": {
			"version": "3.2.0",
			"funding": [
				{
					"type": "github",
					"url": "https://github.com/sponsors/jimmywarting"
				},
				{
					"type": "paypal",
					"url": "https://paypal.me/jimmywarting"
				}
			],
			"license": "MIT",
			"dependencies": {
				"node-domexception": "^1.0.0",
				"web-streams-polyfill": "^3.0.3"
			},
			"engines": {
				"node": "^12.20 || >= 14.13"
			}
		},
		"node_modules/focus-trap": {
			"version": "7.6.6",
			"license": "MIT",
			"dependencies": {
				"tabbable": "^6.3.0"
			}
		},
		"node_modules/foreground-child": {
			"version": "3.3.1",
			"license": "ISC",
			"dependencies": {
				"cross-spawn": "^7.0.6",
				"signal-exit": "^4.0.1"
			},
			"engines": {
				"node": ">=14"
			},
			"funding": {
				"url": "https://github.com/sponsors/isaacs"
			}
		},
		"node_modules/formdata-polyfill": {
			"version": "4.0.10",
			"license": "MIT",
			"dependencies": {
				"fetch-blob": "^3.1.2"
			},
			"engines": {
				"node": ">=12.20.0"
			}
		},
		"node_modules/gaxios": {
			"version": "7.1.3",
			"license": "Apache-2.0",
			"dependencies": {
				"extend": "^3.0.2",
				"https-proxy-agent": "^7.0.1",
				"node-fetch": "^3.3.2",
				"rimraf": "^5.0.1"
			},
			"engines": {
				"node": ">=18"
			}
		},
		"node_modules/gcp-metadata": {
			"version": "8.1.2",
			"license": "Apache-2.0",
			"dependencies": {
				"gaxios": "^7.0.0",
				"google-logging-utils": "^1.0.0",
				"json-bigint": "^1.0.0"
			},
			"engines": {
				"node": ">=18"
			}
		},
		"node_modules/glob": {
			"version": "10.4.5",
			"license": "ISC",
			"dependencies": {
				"foreground-child": "^3.1.0",
				"jackspeak": "^3.1.2",
				"minimatch": "^9.0.4",
				"minipass": "^7.1.2",
				"package-json-from-dist": "^1.0.0",
				"path-scurry": "^1.11.1"
			},
			"bin": {
				"glob": "dist/esm/bin.mjs"
			},
			"funding": {
				"url": "https://github.com/sponsors/isaacs"
			}
		},
		"node_modules/google-auth-library": {
			"version": "10.5.0",
			"license": "Apache-2.0",
			"dependencies": {
				"base64-js": "^1.3.0",
				"ecdsa-sig-formatter": "^1.0.11",
				"gaxios": "^7.0.0",
				"gcp-metadata": "^8.0.0",
				"google-logging-utils": "^1.0.0",
				"gtoken": "^8.0.0",
				"jws": "^4.0.0"
			},
			"engines": {
				"node": ">=18"
			}
		},
		"node_modules/google-logging-utils": {
			"version": "1.1.3",
			"license": "Apache-2.0",
			"engines": {
				"node": ">=14"
			}
		},
		"node_modules/graceful-fs": {
			"version": "4.2.11",
			"dev": true,
			"license": "ISC"
		},
		"node_modules/gtoken": {
			"version": "8.0.0",
			"license": "MIT",
			"dependencies": {
				"gaxios": "^7.0.0",
				"jws": "^4.0.0"
			},
			"engines": {
				"node": ">=18"
			}
		},
		"node_modules/https-proxy-agent": {
			"version": "7.0.6",
			"license": "MIT",
			"dependencies": {
				"agent-base": "^7.1.2",
				"debug": "4"
			},
			"engines": {
				"node": ">= 14"
			}
		},
		"node_modules/inline-style-parser": {
			"version": "0.2.6",
			"license": "MIT"
		},
		"node_modules/install": {
			"version": "0.13.0",
			"license": "MIT",
			"engines": {
				"node": ">= 0.10"
			}
		},
		"node_modules/is-fullwidth-code-point": {
			"version": "3.0.0",
			"license": "MIT",
			"engines": {
				"node": ">=8"
			}
		},
		"node_modules/is-reference": {
			"version": "3.0.3",
			"license": "MIT",
			"dependencies": {
				"@types/estree": "^1.0.6"
			}
		},
		"node_modules/isexe": {
			"version": "2.0.0",
			"license": "ISC"
		},
		"node_modules/jackspeak": {
			"version": "3.4.3",
			"license": "BlueOak-1.0.0",
			"dependencies": {
				"@isaacs/cliui": "^8.0.2"
			},
			"funding": {
				"url": "https://github.com/sponsors/isaacs"
			},
			"optionalDependencies": {
				"@pkgjs/parseargs": "^0.11.0"
			}
		},
		"node_modules/jiti": {
			"version": "2.6.1",
			"dev": true,
			"license": "MIT",
			"bin": {
				"jiti": "lib/jiti-cli.mjs"
			}
		},
		"node_modules/json-bigint": {
			"version": "1.0.0",
			"license": "MIT",
			"dependencies": {
				"bignumber.js": "^9.0.0"
			}
		},
		"node_modules/jwa": {
			"version": "2.0.1",
			"license": "MIT",
			"dependencies": {
				"buffer-equal-constant-time": "^1.0.1",
				"ecdsa-sig-formatter": "1.0.11",
				"safe-buffer": "^5.0.1"
			}
		},
		"node_modules/jws": {
			"version": "4.0.0",
			"license": "MIT",
			"dependencies": {
				"jwa": "^2.0.0",
				"safe-buffer": "^5.0.1"
			}
		},
		"node_modules/kleur": {
			"version": "4.1.5",
			"devOptional": true,
			"license": "MIT",
			"engines": {
				"node": ">=6"
			}
		},
		"node_modules/lightningcss": {
			"version": "1.30.2",
			"dev": true,
			"license": "MPL-2.0",
			"dependencies": {
				"detect-libc": "^2.0.3"
			},
			"engines": {
				"node": ">= 12.0.0"
			},
			"funding": {
				"type": "opencollective",
				"url": "https://opencollective.com/parcel"
			},
			"optionalDependencies": {
				"lightningcss-android-arm64": "1.30.2",
				"lightningcss-darwin-arm64": "1.30.2",
				"lightningcss-darwin-x64": "1.30.2",
				"lightningcss-freebsd-x64": "1.30.2",
				"lightningcss-linux-arm-gnueabihf": "1.30.2",
				"lightningcss-linux-arm64-gnu": "1.30.2",
				"lightningcss-linux-arm64-musl": "1.30.2",
				"lightningcss-linux-x64-gnu": "1.30.2",
				"lightningcss-linux-x64-musl": "1.30.2",
				"lightningcss-win32-arm64-msvc": "1.30.2",
				"lightningcss-win32-x64-msvc": "1.30.2"
			}
		},
		"node_modules/lightningcss-win32-x64-msvc": {
			"version": "1.30.2",
			"cpu": [
				"x64"
			],
			"dev": true,
			"license": "MPL-2.0",
			"optional": true,
			"os": [
				"win32"
			],
			"engines": {
				"node": ">= 12.0.0"
			},
			"funding": {
				"type": "opencollective",
				"url": "https://opencollective.com/parcel"
			}
		},
		"node_modules/locate-character": {
			"version": "3.0.0",
			"license": "MIT"
		},
		"node_modules/lru-cache": {
			"version": "10.4.3",
			"license": "ISC"
		},
		"node_modules/lz-string": {
			"version": "1.5.0",
			"license": "MIT",
			"bin": {
				"lz-string": "bin/bin.js"
			}
		},
		"node_modules/magic-string": {
			"version": "0.30.21",
			"license": "MIT",
			"dependencies": {
				"@jridgewell/sourcemap-codec": "^1.5.5"
			}
		},
		"node_modules/marked": {
			"version": "16.4.2",
			"license": "MIT",
			"bin": {
				"marked": "bin/marked.js"
			},
			"engines": {
				"node": ">= 20"
			}
		},
		"node_modules/minimatch": {
			"version": "9.0.5",
			"license": "ISC",
			"dependencies": {
				"brace-expansion": "^2.0.1"
			},
			"engines": {
				"node": ">=16 || 14 >=14.17"
			},
			"funding": {
				"url": "https://github.com/sponsors/isaacs"
			}
		},
		"node_modules/minipass": {
			"version": "7.1.2",
			"license": "ISC",
			"engines": {
				"node": ">=16 || 14 >=14.17"
			}
		},
		"node_modules/mri": {
			"version": "1.2.0",
			"devOptional": true,
			"license": "MIT",
			"engines": {
				"node": ">=4"
			}
		},
		"node_modules/mrmime": {
			"version": "2.0.1",
			"devOptional": true,
			"license": "MIT",
			"engines": {
				"node": ">=10"
			}
		},
		"node_modules/ms": {
			"version": "2.1.3",
			"license": "MIT"
		},
		"node_modules/nanoid": {
			"version": "3.3.11",
			"devOptional": true,
			"funding": [
				{
					"type": "github",
					"url": "https://github.com/sponsors/ai"
				}
			],
			"license": "MIT",
			"bin": {
				"nanoid": "bin/nanoid.cjs"
			},
			"engines": {
				"node": "^10 || ^12 || ^13.7 || ^14 || >=15.0.1"
			}
		},
		"node_modules/node-domexception": {
			"version": "1.0.0",
			"funding": [
				{
					"type": "github",
					"url": "https://github.com/sponsors/jimmywarting"
				},
				{
					"type": "github",
					"url": "https://paypal.me/jimmywarting"
				}
			],
			"license": "MIT",
			"engines": {
				"node": ">=10.5.0"
			}
		},
		"node_modules/node-fetch": {
			"version": "3.3.2",
			"license": "MIT",
			"dependencies": {
				"data-uri-to-buffer": "^4.0.0",
				"fetch-blob": "^3.1.4",
				"formdata-polyfill": "^4.0.10"
			},
			"engines": {
				"node": "^12.20.0 || ^14.13.1 || >=16.0.0"
			},
			"funding": {
				"type": "opencollective",
				"url": "https://opencollective.com/node-fetch"
			}
		},
		"node_modules/package-json-from-dist": {
			"version": "1.0.1",
			"license": "BlueOak-1.0.0"
		},
		"node_modules/path-key": {
			"version": "3.1.1",
			"license": "MIT",
			"engines": {
				"node": ">=8"
			}
		},
		"node_modules/path-scurry": {
			"version": "1.11.1",
			"license": "BlueOak-1.0.0",
			"dependencies": {
				"lru-cache": "^10.2.0",
				"minipass": "^5.0.0 || ^6.0.2 || ^7.0.0"
			},
			"engines": {
				"node": ">=16 || 14 >=14.18"
			},
			"funding": {
				"url": "https://github.com/sponsors/isaacs"
			}
		},
		"node_modules/phosphor-svelte": {
			"version": "3.0.1",
			"license": "MIT",
			"dependencies": {
				"estree-walker": "^3.0.3",
				"magic-string": "^0.30.13"
			},
			"peerDependencies": {
				"svelte": "^5.0.0 || ^5.0.0-next.96",
				"vite": ">=5"
			},
			"peerDependenciesMeta": {
				"vite": {
					"optional": true
				}
			}
		},
		"node_modules/picocolors": {
			"version": "1.1.1",
			"devOptional": true,
			"license": "ISC"
		},
		"node_modules/picomatch": {
			"version": "4.0.3",
			"devOptional": true,
			"license": "MIT",
			"peer": true,
			"engines": {
				"node": ">=12"
			},
			"funding": {
				"url": "https://github.com/sponsors/jonschlinkert"
			}
		},
		"node_modules/postcss": {
			"version": "8.5.6",
			"devOptional": true,
			"funding": [
				{
					"type": "opencollective",
					"url": "https://opencollective.com/postcss/"
				},
				{
					"type": "tidelift",
					"url": "https://tidelift.com/funding/github/npm/postcss"
				},
				{
					"type": "github",
					"url": "https://github.com/sponsors/ai"
				}
			],
			"license": "MIT",
			"dependencies": {
				"nanoid": "^3.3.11",
				"picocolors": "^1.1.1",
				"source-map-js": "^1.2.1"
			},
			"engines": {
				"node": "^10 || ^12 || >=14"
			}
		},
		"node_modules/postcss-selector-parser": {
			"version": "6.0.10",
			"dev": true,
			"license": "MIT",
			"dependencies": {
				"cssesc": "^3.0.0",
				"util-deprecate": "^1.0.2"
			},
			"engines": {
				"node": ">=4"
			}
		},
		"node_modules/prettier": {
			"version": "3.6.2",
			"dev": true,
			"license": "MIT",
			"peer": true,
			"bin": {
				"prettier": "bin/prettier.cjs"
			},
			"engines": {
				"node": ">=14"
			},
			"funding": {
				"url": "https://github.com/prettier/prettier?sponsor=1"
			}
		},
		"node_modules/prettier-plugin-svelte": {
			"version": "3.4.0",
			"dev": true,
			"license": "MIT",
			"peerDependencies": {
				"prettier": "^3.0.0",
				"svelte": "^3.2.0 || ^4.0.0-next.0 || ^5.0.0-next.0"
			}
		},
		"node_modules/readdirp": {
			"version": "4.1.2",
			"dev": true,
			"license": "MIT",
			"engines": {
				"node": ">= 14.18.0"
			},
			"funding": {
				"type": "individual",
				"url": "https://paulmillr.com/funding/"
			}
		},
		"node_modules/rimraf": {
			"version": "5.0.10",
			"license": "ISC",
			"dependencies": {
				"glob": "^10.3.7"
			},
			"bin": {
				"rimraf": "dist/esm/bin.mjs"
			},
			"funding": {
				"url": "https://github.com/sponsors/isaacs"
			}
		},
		"node_modules/rollup": {
			"version": "4.52.5",
			"devOptional": true,
			"license": "MIT",
			"dependencies": {
				"@types/estree": "1.0.8"
			},
			"bin": {
				"rollup": "dist/bin/rollup"
			},
			"engines": {
				"node": ">=18.0.0",
				"npm": ">=8.0.0"
			},
			"optionalDependencies": {
				"@rollup/rollup-android-arm-eabi": "4.52.5",
				"@rollup/rollup-android-arm64": "4.52.5",
				"@rollup/rollup-darwin-arm64": "4.52.5",
				"@rollup/rollup-darwin-x64": "4.52.5",
				"@rollup/rollup-freebsd-arm64": "4.52.5",
				"@rollup/rollup-freebsd-x64": "4.52.5",
				"@rollup/rollup-linux-arm-gnueabihf": "4.52.5",
				"@rollup/rollup-linux-arm-musleabihf": "4.52.5",
				"@rollup/rollup-linux-arm64-gnu": "4.52.5",
				"@rollup/rollup-linux-arm64-musl": "4.52.5",
				"@rollup/rollup-linux-loong64-gnu": "4.52.5",
				"@rollup/rollup-linux-ppc64-gnu": "4.52.5",
				"@rollup/rollup-linux-riscv64-gnu": "4.52.5",
				"@rollup/rollup-linux-riscv64-musl": "4.52.5",
				"@rollup/rollup-linux-s390x-gnu": "4.52.5",
				"@rollup/rollup-linux-x64-gnu": "4.52.5",
				"@rollup/rollup-linux-x64-musl": "4.52.5",
				"@rollup/rollup-openharmony-arm64": "4.52.5",
				"@rollup/rollup-win32-arm64-msvc": "4.52.5",
				"@rollup/rollup-win32-ia32-msvc": "4.52.5",
				"@rollup/rollup-win32-x64-gnu": "4.52.5",
				"@rollup/rollup-win32-x64-msvc": "4.52.5",
				"fsevents": "~2.3.2"
			}
		},
		"node_modules/runed": {
			"version": "0.35.1",
			"funding": [
				"https://github.com/sponsors/huntabyte",
				"https://github.com/sponsors/tglide"
			],
			"license": "MIT",
			"dependencies": {
				"dequal": "^2.0.3",
				"esm-env": "^1.0.0",
				"lz-string": "^1.5.0"
			},
			"peerDependencies": {
				"@sveltejs/kit": "^2.21.0",
				"svelte": "^5.7.0"
			},
			"peerDependenciesMeta": {
				"@sveltejs/kit": {
					"optional": true
				}
			}
		},
		"node_modules/sade": {
			"version": "1.8.1",
			"devOptional": true,
			"license": "MIT",
			"dependencies": {
				"mri": "^1.1.0"
			},
			"engines": {
				"node": ">=6"
			}
		},
		"node_modules/safe-buffer": {
			"version": "5.2.1",
			"funding": [
				{
					"type": "github",
					"url": "https://github.com/sponsors/feross"
				},
				{
					"type": "patreon",
					"url": "https://www.patreon.com/feross"
				},
				{
					"type": "consulting",
					"url": "https://feross.org/support"
				}
			],
			"license": "MIT"
		},
		"node_modules/set-cookie-parser": {
			"version": "2.7.2",
			"devOptional": true,
			"license": "MIT"
		},
		"node_modules/shebang-command": {
			"version": "2.0.0",
			"license": "MIT",
			"dependencies": {
				"shebang-regex": "^3.0.0"
			},
			"engines": {
				"node": ">=8"
			}
		},
		"node_modules/shebang-regex": {
			"version": "3.0.0",
			"license": "MIT",
			"engines": {
				"node": ">=8"
			}
		},
		"node_modules/signal-exit": {
			"version": "4.1.0",
			"license": "ISC",
			"engines": {
				"node": ">=14"
			},
			"funding": {
				"url": "https://github.com/sponsors/isaacs"
			}
		},
		"node_modules/sirv": {
			"version": "3.0.2",
			"devOptional": true,
			"license": "MIT",
			"dependencies": {
				"@polka/url": "^1.0.0-next.24",
				"mrmime": "^2.0.0",
				"totalist": "^3.0.0"
			},
			"engines": {
				"node": ">=18"
			}
		},
		"node_modules/source-map-js": {
			"version": "1.2.1",
			"devOptional": true,
			"license": "BSD-3-Clause",
			"engines": {
				"node": ">=0.10.0"
			}
		},
		"node_modules/string-width": {
			"version": "5.1.2",
			"license": "MIT",
			"dependencies": {
				"eastasianwidth": "^0.2.0",
				"emoji-regex": "^9.2.2",
				"strip-ansi": "^7.0.1"
			},
			"engines": {
				"node": ">=12"
			},
			"funding": {
				"url": "https://github.com/sponsors/sindresorhus"
			}
		},
		"node_modules/string-width-cjs": {
			"name": "string-width",
			"version": "4.2.3",
			"license": "MIT",
			"dependencies": {
				"emoji-regex": "^8.0.0",
				"is-fullwidth-code-point": "^3.0.0",
				"strip-ansi": "^6.0.1"
			},
			"engines": {
				"node": ">=8"
			}
		},
		"node_modules/string-width-cjs/node_modules/ansi-regex": {
			"version": "5.0.1",
			"license": "MIT",
			"engines": {
				"node": ">=8"
			}
		},
		"node_modules/string-width-cjs/node_modules/emoji-regex": {
			"version": "8.0.0",
			"license": "MIT"
		},
		"node_modules/string-width-cjs/node_modules/strip-ansi": {
			"version": "6.0.1",
			"license": "MIT",
			"dependencies": {
				"ansi-regex": "^5.0.1"
			},
			"engines": {
				"node": ">=8"
			}
		},
		"node_modules/strip-ansi": {
			"version": "7.1.2",
			"license": "MIT",
			"dependencies": {
				"ansi-regex": "^6.0.1"
			},
			"engines": {
				"node": ">=12"
			},
			"funding": {
				"url": "https://github.com/chalk/strip-ansi?sponsor=1"
			}
		},
		"node_modules/strip-ansi-cjs": {
			"name": "strip-ansi",
			"version": "6.0.1",
			"license": "MIT",
			"dependencies": {
				"ansi-regex": "^5.0.1"
			},
			"engines": {
				"node": ">=8"
			}
		},
		"node_modules/strip-ansi-cjs/node_modules/ansi-regex": {
			"version": "5.0.1",
			"license": "MIT",
			"engines": {
				"node": ">=8"
			}
		},
		"node_modules/style-mod": {
			"version": "4.1.3",
			"license": "MIT"
		},
		"node_modules/style-to-object": {
			"version": "1.0.12",
			"license": "MIT",
			"dependencies": {
				"inline-style-parser": "0.2.6"
			}
		},
		"node_modules/svelte": {
			"version": "5.43.4",
			"license": "MIT",
			"peer": true,
			"dependencies": {
				"@jridgewell/remapping": "^2.3.4",
				"@jridgewell/sourcemap-codec": "^1.5.0",
				"@sveltejs/acorn-typescript": "^1.0.5",
				"@types/estree": "^1.0.5",
				"acorn": "^8.12.1",
				"aria-query": "^5.3.1",
				"axobject-query": "^4.1.0",
				"clsx": "^2.1.1",
				"esm-env": "^1.2.1",
				"esrap": "^2.1.0",
				"is-reference": "^3.0.3",
				"locate-character": "^3.0.0",
				"magic-string": "^0.30.11",
				"zimmerframe": "^1.1.2"
			},
			"engines": {
				"node": ">=18"
			}
		},
		"node_modules/svelte-check": {
			"version": "4.3.3",
			"dev": true,
			"license": "MIT",
			"dependencies": {
				"@jridgewell/trace-mapping": "^0.3.25",
				"chokidar": "^4.0.1",
				"fdir": "^6.2.0",
				"picocolors": "^1.0.0",
				"sade": "^1.7.4"
			},
			"bin": {
				"svelte-check": "bin/svelte-check"
			},
			"engines": {
				"node": ">= 18.0.0"
			},
			"peerDependencies": {
				"svelte": "^4.0.0 || ^5.0.0-next.0",
				"typescript": ">=5.0.0"
			}
		},
		"node_modules/svelte-codemirror-editor": {
			"version": "2.1.0",
			"license": "MIT",
			"peerDependencies": {
				"codemirror": "^6.0.0",
				"svelte": "^5.0.0"
			}
		},
		"node_modules/svelte-confetti": {
			"version": "2.3.2",
			"license": "MIT",
			"peerDependencies": {
				"svelte": ">=5.0.0"
			}
		},
		"node_modules/svelte-splitpanes": {
			"version": "8.0.9",
			"license": "MIT",
			"dependencies": {
				"esm-env-robust": "0.0.3"
			},
			"peerDependencies": {
				"svelte": "^4.2.19 || ^5.1.0"
			}
		},
		"node_modules/svelte-toolbelt": {
			"version": "0.10.6",
			"funding": [
				"https://github.com/sponsors/huntabyte"
			],
			"dependencies": {
				"clsx": "^2.1.1",
				"runed": "^0.35.1",
				"style-to-object": "^1.0.8"
			},
			"engines": {
				"node": ">=18",
				"pnpm": ">=8.7.0"
			},
			"peerDependencies": {
				"svelte": "^5.30.2"
			}
		},
		"node_modules/tabbable": {
			"version": "6.3.0",
			"license": "MIT"
		},
		"node_modules/tailwindcss": {
			"version": "4.1.17",
			"dev": true,
			"license": "MIT",
			"peer": true
		},
		"node_modules/tapable": {
			"version": "2.3.0",
			"dev": true,
			"license": "MIT",
			"engines": {
				"node": ">=6"
			},
			"funding": {
				"type": "opencollective",
				"url": "https://opencollective.com/webpack"
			}
		},
		"node_modules/thememirror": {
			"version": "2.0.1",
			"license": "MIT",
			"peerDependencies": {
				"@codemirror/language": "^6.0.0",
				"@codemirror/state": "^6.0.0",
				"@codemirror/view": "^6.0.0"
			}
		},
		"node_modules/tinyglobby": {
			"version": "0.2.15",
			"devOptional": true,
			"license": "MIT",
			"dependencies": {
				"fdir": "^6.5.0",
				"picomatch": "^4.0.3"
			},
			"engines": {
				"node": ">=12.0.0"
			},
			"funding": {
				"url": "https://github.com/sponsors/SuperchupuDev"
			}
		},
		"node_modules/totalist": {
			"version": "3.0.1",
			"devOptional": true,
			"license": "MIT",
			"engines": {
				"node": ">=6"
			}
		},
		"node_modules/tslib": {
			"version": "2.8.1",
			"license": "0BSD"
		},
		"node_modules/typescript": {
			"version": "5.9.3",
			"dev": true,
			"license": "Apache-2.0",
			"peer": true,
			"bin": {
				"tsc": "bin/tsc",
				"tsserver": "bin/tsserver"
			},
			"engines": {
				"node": ">=14.17"
			}
		},
		"node_modules/util-deprecate": {
			"version": "1.0.2",
			"dev": true,
			"license": "MIT"
		},
		"node_modules/vaul-svelte": {
			"version": "0.3.2",
			"license": "MIT",
			"dependencies": {
				"bits-ui": "^0.21.7"
			},
			"peerDependencies": {
				"svelte": "^4.0.0 || ^5.0.0-next.1"
			}
		},
		"node_modules/vaul-svelte/node_modules/bits-ui": {
			"version": "0.21.16",
			"license": "MIT",
			"dependencies": {
				"@internationalized/date": "^3.5.1",
				"@melt-ui/svelte": "0.76.2",
				"nanoid": "^5.0.5"
			},
			"funding": {
				"url": "https://github.com/sponsors/huntabyte"
			},
			"peerDependencies": {
				"svelte": "^4.0.0 || ^5.0.0-next.118"
			}
		},
		"node_modules/vaul-svelte/node_modules/bits-ui/node_modules/@melt-ui/svelte": {
			"version": "0.76.2",
			"license": "MIT",
			"dependencies": {
				"@floating-ui/core": "^1.3.1",
				"@floating-ui/dom": "^1.4.5",
				"@internationalized/date": "^3.5.0",
				"dequal": "^2.0.3",
				"focus-trap": "^7.5.2",
				"nanoid": "^5.0.4"
			},
			"peerDependencies": {
				"svelte": ">=3 <5"
			}
		},
		"node_modules/vaul-svelte/node_modules/nanoid": {
			"version": "5.1.6",
			"funding": [
				{
					"type": "github",
					"url": "https://github.com/sponsors/ai"
				}
			],
			"license": "MIT",
			"bin": {
				"nanoid": "bin/nanoid.js"
			},
			"engines": {
				"node": "^18 || >=20"
			}
		},
		"node_modules/vite": {
			"version": "7.2.1",
			"devOptional": true,
			"license": "MIT",
			"peer": true,
			"dependencies": {
				"esbuild": "^0.25.0",
				"fdir": "^6.5.0",
				"picomatch": "^4.0.3",
				"postcss": "^8.5.6",
				"rollup": "^4.43.0",
				"tinyglobby": "^0.2.15"
			},
			"bin": {
				"vite": "bin/vite.js"
			},
			"engines": {
				"node": "^20.19.0 || >=22.12.0"
			},
			"funding": {
				"url": "https://github.com/vitejs/vite?sponsor=1"
			},
			"optionalDependencies": {
				"fsevents": "~2.3.3"
			},
			"peerDependencies": {
				"@types/node": "^20.19.0 || >=22.12.0",
				"jiti": ">=1.21.0",
				"less": "^4.0.0",
				"lightningcss": "^1.21.0",
				"sass": "^1.70.0",
				"sass-embedded": "^1.70.0",
				"stylus": ">=0.54.8",
				"sugarss": "^5.0.0",
				"terser": "^5.16.0",
				"tsx": "^4.8.1",
				"yaml": "^2.4.2"
			},
			"peerDependenciesMeta": {
				"@types/node": {
					"optional": true
				},
				"jiti": {
					"optional": true
				},
				"less": {
					"optional": true
				},
				"lightningcss": {
					"optional": true
				},
				"sass": {
					"optional": true
				},
				"sass-embedded": {
					"optional": true
				},
				"stylus": {
					"optional": true
				},
				"sugarss": {
					"optional": true
				},
				"terser": {
					"optional": true
				},
				"tsx": {
					"optional": true
				},
				"yaml": {
					"optional": true
				}
			}
		},
		"node_modules/vitefu": {
			"version": "1.1.1",
			"devOptional": true,
			"license": "MIT",
			"workspaces": [
				"tests/deps/*",
				"tests/projects/*",
				"tests/projects/workspace/packages/*"
			],
			"peerDependencies": {
				"vite": "^3.0.0 || ^4.0.0 || ^5.0.0 || ^6.0.0 || ^7.0.0-beta.0"
			},
			"peerDependenciesMeta": {
				"vite": {
					"optional": true
				}
			}
		},
		"node_modules/w3c-keyname": {
			"version": "2.2.8",
			"license": "MIT"
		},
		"node_modules/web-streams-polyfill": {
			"version": "3.3.3",
			"license": "MIT",
			"engines": {
				"node": ">= 8"
			}
		},
		"node_modules/which": {
			"version": "2.0.2",
			"license": "ISC",
			"dependencies": {
				"isexe": "^2.0.0"
			},
			"bin": {
				"node-which": "bin/node-which"
			},
			"engines": {
				"node": ">= 8"
			}
		},
		"node_modules/wrap-ansi": {
			"version": "8.1.0",
			"license": "MIT",
			"dependencies": {
				"ansi-styles": "^6.1.0",
				"string-width": "^5.0.1",
				"strip-ansi": "^7.0.1"
			},
			"engines": {
				"node": ">=12"
			},
			"funding": {
				"url": "https://github.com/chalk/wrap-ansi?sponsor=1"
			}
		},
		"node_modules/wrap-ansi-cjs": {
			"name": "wrap-ansi",
			"version": "7.0.0",
			"license": "MIT",
			"dependencies": {
				"ansi-styles": "^4.0.0",
				"string-width": "^4.1.0",
				"strip-ansi": "^6.0.0"
			},
			"engines": {
				"node": ">=10"
			},
			"funding": {
				"url": "https://github.com/chalk/wrap-ansi?sponsor=1"
			}
		},
		"node_modules/wrap-ansi-cjs/node_modules/ansi-regex": {
			"version": "5.0.1",
			"license": "MIT",
			"engines": {
				"node": ">=8"
			}
		},
		"node_modules/wrap-ansi-cjs/node_modules/ansi-styles": {
			"version": "4.3.0",
			"license": "MIT",
			"dependencies": {
				"color-convert": "^2.0.1"
			},
			"engines": {
				"node": ">=8"
			},
			"funding": {
				"url": "https://github.com/chalk/ansi-styles?sponsor=1"
			}
		},
		"node_modules/wrap-ansi-cjs/node_modules/emoji-regex": {
			"version": "8.0.0",
			"license": "MIT"
		},
		"node_modules/wrap-ansi-cjs/node_modules/string-width": {
			"version": "4.2.3",
			"license": "MIT",
			"dependencies": {
				"emoji-regex": "^8.0.0",
				"is-fullwidth-code-point": "^3.0.0",
				"strip-ansi": "^6.0.1"
			},
			"engines": {
				"node": ">=8"
			}
		},
		"node_modules/wrap-ansi-cjs/node_modules/strip-ansi": {
			"version": "6.0.1",
			"license": "MIT",
			"dependencies": {
				"ansi-regex": "^5.0.1"
			},
			"engines": {
				"node": ">=8"
			}
		},
		"node_modules/ws": {
			"version": "8.18.3",
			"license": "MIT",
			"engines": {
				"node": ">=10.0.0"
			},
			"peerDependencies": {
				"bufferutil": "^4.0.1",
				"utf-8-validate": ">=5.0.2"
			},
			"peerDependenciesMeta": {
				"bufferutil": {
					"optional": true
				},
				"utf-8-validate": {
					"optional": true
				}
			}
		},
		"node_modules/zimmerframe": {
			"version": "1.1.4",
			"license": "MIT"
		}
	}
}
